
Microsoft Visual Studio Solution File, Format Version 12.00
# Visual Studio 15
VisualStudioVersion = 15.0.28010.2003
MinimumVisualStudioVersion = 10.0.40219.1
Project("{FAE04EC0-301F-11D3-BF4B-00C04F79EFBC}") = "StackOverflow", "StackOverflow\StackOverflow.csproj", "{009BD803-0FCB-4CE1-A945-0875FECB5EB0}"
EndProject
Project("{FAE04EC0-301F-11D3-BF4B-00C04F79EFBC}") = "UnitTests", "UnitTestProject1\UnitTests.csproj", "{E11B67F4-012F-4F62-916C-904CCCB9B1F4}"
EndProject
Global
	GlobalSection(SolutionConfigurationPlatforms) = preSolution
		Debug|Any CPU = Debug|Any CPU
		Release|Any CPU = Release|Any CPU
	EndGlobalSection
	GlobalSection(ProjectConfigurationPlatforms) = postSolution
		{009BD803-0FCB-4CE1-A945-0875FECB5EB0}.Debug|Any CPU.ActiveCfg = Debug|Any CPU
		{009BD803-0FCB-4CE1-A945-0875FECB5EB0}.Debug|Any CPU.Build.0 = Debug|Any CPU
		{009BD803-0FCB-4CE1-A945-0875FECB5EB0}.Release|Any CPU.ActiveCfg = Release|Any CPU
		{009BD803-0FCB-4CE1-A945-0875FECB5EB0}.Release|Any CPU.Build.0 = Release|Any CPU
		{E11B67F4-012F-4F62-916C-904CCCB9B1F4}.Debug|Any CPU.ActiveCfg = Debug|Any CPU
		{E11B67F4-012F-4F62-916C-904CCCB9B1F4}.Debug|Any CPU.Build.0 = Debug|Any CPU
		{E11B67F4-012F-4F62-916C-904CCCB9B1F4}.Release|Any CPU.ActiveCfg = Release|Any CPU
		{E11B67F4-012F-4F62-916C-904CCCB9B1F4}.Release|Any CPU.Build.0 = Release|Any CPU
	EndGlobalSection
	GlobalSection(SolutionProperties) = preSolution
		HideSolutionNode = FALSE
	EndGlobalSection
	GlobalSection(ExtensibilityGlobals) = postSolution
		SolutionGuid = {A2E36045-52F6-4FF4-939E-999AC0B7434A}
	EndGlobalSection
EndGlobal
